# This file is automatically @generated by Poetry 1.8.2 and should not be changed by hand.

[[package]]
name = "art"
version = "6.1"
description = "ASCII Art Library For Python"
optional = false
python-versions = ">=3.5"
files = [
    {file = "art-6.1-py3-none-any.whl", hash = "sha256:159819c418001467f8d79616fa0814277deac97c8a363d1eb3e7c0a31526bfc3"},
    {file = "art-6.1.tar.gz", hash = "sha256:6ab3031e3b7710039e73497b0e750cadfe04d4c1279ce3a123500dbafb9e1b64"},
]

[package.extras]
dev = ["bandit (>=1.5.1)", "coverage (>=4.1)", "pydocstyle (>=3.0.0)", "vulture (>=1.0)"]

[[package]]
name = "libhammadpy-text"
version = "0.1.10"
description = ""
optional = false
python-versions = "*"
files = [
    {file = "libhammadpy_text-0.1.10-cp310-cp310-manylinux_2_34_x86_64.whl", hash = "sha256:5f2c772a3c2ebfa7e41cb6a966cf3329c10d1ce3ed48e2fbb54c1fa3ca379b97"},
    {file = "libhammadpy_text-0.1.10-cp311-cp311-manylinux_2_34_x86_64.whl", hash = "sha256:fc1fc1e56addfa2e282f43c8ec1562bbd21744ff13d68841163bec3a1c81fd03"},
    {file = "libhammadpy_text-0.1.10-cp39-cp39-macosx_10_12_x86_64.whl", hash = "sha256:cc7e2953eff82ae9425efb0172a3feecdb730c5b7280d5639f76d0e2ef737f77"},
    {file = "libhammadpy_text-0.1.10.tar.gz", hash = "sha256:e0f70efd8884a22fadf2681f3438ba700e3199ed8e1fdba922fa3001610f41c7"},
]

[extras]
ml = []

[metadata]
lock-version = "2.0"
python-versions = "^3.9"
content-hash = "4cb64e2e6f723a1b769af4981a05a20c1a7358b65bd61238f5a7ae5e7cfb881b"
